
Microsoft Visual Studio Solution File, Format Version 12.00
# Visual Studio Version 17
VisualStudioVersion = 17.8.34511.84
MinimumVisualStudioVersion = 10.0.40219.1
Project("{FAE04EC0-301F-11D3-BF4B-00C04F79EFBC}") = "ContactsAPI", "ContactsAPI\ContactsAPI.csproj", "{176B740A-528E-431B-B96F-C988EECB1360}"
EndProject
Global
	GlobalSection(SolutionConfigurationPlatforms) = preSolution
		Debug|Any CPU = Debug|Any CPU
		Release|Any CPU = Release|Any CPU
	EndGlobalSection
	GlobalSection(ProjectConfigurationPlatforms) = postSolution
		{176B740A-528E-431B-B96F-C988EECB1360}.Debug|Any CPU.ActiveCfg = Debug|Any CPU
		{176B740A-528E-431B-B96F-C988EECB1360}.Debug|Any CPU.Build.0 = Debug|Any CPU
		{176B740A-528E-431B-B96F-C988EECB1360}.Release|Any CPU.ActiveCfg = Release|Any CPU
		{176B740A-528E-431B-B96F-C988EECB1360}.Release|Any CPU.Build.0 = Release|Any CPU
	EndGlobalSection
	GlobalSection(SolutionProperties) = preSolution
		HideSolutionNode = FALSE
	EndGlobalSection
	GlobalSection(ExtensibilityGlobals) = postSolution
		SolutionGuid = {DE93125C-D9FB-46B7-B3CF-184913FE22E0}
	EndGlobalSection
EndGlobal
